
Microsoft Visual Studio Solution File, Format Version 12.00
# Visual Studio Version 17
VisualStudioVersion = 17.1.32421.90
MinimumVisualStudioVersion = 10.0.40219.1
Project("{FAE04EC0-301F-11D3-BF4B-00C04F79EFBC}") = "JhinFour", "JhinFour\JhinFour.csproj", "{05CA0CAB-408F-47D1-B45F-8130A7AFC909}"
EndProject
Global
	GlobalSection(SolutionConfigurationPlatforms) = preSolution
		Debug|Any CPU = Debug|Any CPU
		Release|Any CPU = Release|Any CPU
	EndGlobalSection
	GlobalSection(ProjectConfigurationPlatforms) = postSolution
		{05CA0CAB-408F-47D1-B45F-8130A7AFC909}.Debug|Any CPU.ActiveCfg = Debug|Any CPU
		{05CA0CAB-408F-47D1-B45F-8130A7AFC909}.Debug|Any CPU.Build.0 = Debug|Any CPU
		{05CA0CAB-408F-47D1-B45F-8130A7AFC909}.Release|Any CPU.ActiveCfg = Release|Any CPU
		{05CA0CAB-408F-47D1-B45F-8130A7AFC909}.Release|Any CPU.Build.0 = Release|Any CPU
	EndGlobalSection
	GlobalSection(SolutionProperties) = preSolution
		HideSolutionNode = FALSE
	EndGlobalSection
	GlobalSection(ExtensibilityGlobals) = postSolution
		SolutionGuid = {59FA65D4-EB0B-4805-9F76-826E2B61D434}
	EndGlobalSection
EndGlobal
